// !$*UTF8*$!
{
	archiveVersion = 1;
	classes = {
	};
	objectVersion = 56;
	objects = {

/* Begin PBXBuildFile section */
		2AD260752B7C433E000265A4 /* running_ioApp.swift in Sources */ = {isa = PBXBuildFile; fileRef = 2AD260742B7C433E000265A4 /* running_ioApp.swift */; };
		2AD260772B7C433E000265A4 /* ContentView.swift in Sources */ = {isa = PBXBuildFile; fileRef = 2AD260762B7C433E000265A4 /* ContentView.swift */; };
		2AD260792B7C433F000265A4 /* Assets.xcassets in Resources */ = {isa = PBXBuildFile; fileRef = 2AD260782B7C433F000265A4 /* Assets.xcassets */; };
		2AD2607C2B7C433F000265A4 /* Preview Assets.xcassets in Resources */ = {isa = PBXBuildFile; fileRef = 2AD2607B2B7C433F000265A4 /* Preview Assets.xcassets */; };
		2AD260842B7CCD1A000265A4 /* LocationManager.swift in Sources */ = {isa = PBXBuildFile; fileRef = 2AD260832B7CCD1A000265A4 /* LocationManager.swift */; };
		2AD260862B7DBF88000265A4 /* MapView.swift in Sources */ = {isa = PBXBuildFile; fileRef = 2AD260852B7DBF88000265A4 /* MapView.swift */; };
		F5BBD2152B84B2D100593866 /* GoogleSignIn in Frameworks */ = {isa = PBXBuildFile; productRef = F5BBD2142B84B2D100593866 /* GoogleSignIn */; };
		F5BBD2172B84B34D00593866 /* GoogleService-Info.plist in Resources */ = {isa = PBXBuildFile; fileRef = F5BBD2162B84B34D00593866 /* GoogleService-Info.plist */; };
		F5BBD2232B85138200593866 /* UserSession.swift in Sources */ = {isa = PBXBuildFile; fileRef = F5BBD2222B85138200593866 /* UserSession.swift */; };
		F5BBD2252B851F6400593866 /* TitleView.swift in Sources */ = {isa = PBXBuildFile; fileRef = F5BBD2242B851F6400593866 /* TitleView.swift */; };
		F5BBD2292B86D77600593866 /* DelaGothicOne-Regular.ttf in Resources */ = {isa = PBXBuildFile; fileRef = F5BBD2282B86D77600593866 /* DelaGothicOne-Regular.ttf */; };
		F5BBD22B2B86E08900593866 /* OnBoardingView.swift in Sources */ = {isa = PBXBuildFile; fileRef = F5BBD22A2B86E08900593866 /* OnBoardingView.swift */; };
		F5BBD22D2B86FE7500593866 /* ProfileView.swift in Sources */ = {isa = PBXBuildFile; fileRef = F5BBD22C2B86FE7500593866 /* ProfileView.swift */; };
		F5BF30922B8467EA0057770A /* FirebaseAuth in Frameworks */ = {isa = PBXBuildFile; productRef = F5BF30912B8467EA0057770A /* FirebaseAuth */; };
		F5BF30942B8467EA0057770A /* FirebaseDatabase in Frameworks */ = {isa = PBXBuildFile; productRef = F5BF30932B8467EA0057770A /* FirebaseDatabase */; };
/* End PBXBuildFile section */

/* Begin PBXFileReference section */
		2AD260712B7C433E000265A4 /* running.io.app */ = {isa = PBXFileReference; explicitFileType = wrapper.application; includeInIndex = 0; path = running.io.app; sourceTree = BUILT_PRODUCTS_DIR; };
		2AD260742B7C433E000265A4 /* running_ioApp.swift */ = {isa = PBXFileReference; lastKnownFileType = sourcecode.swift; path = running_ioApp.swift; sourceTree = "<group>"; };
		2AD260762B7C433E000265A4 /* ContentView.swift */ = {isa = PBXFileReference; lastKnownFileType = sourcecode.swift; path = ContentView.swift; sourceTree = "<group>"; };
		2AD260782B7C433F000265A4 /* Assets.xcassets */ = {isa = PBXFileReference; lastKnownFileType = folder.assetcatalog; path = Assets.xcassets; sourceTree = "<group>"; };
		2AD2607B2B7C433F000265A4 /* Preview Assets.xcassets */ = {isa = PBXFileReference; lastKnownFileType = folder.assetcatalog; path = "Preview Assets.xcassets"; sourceTree = "<group>"; };
		2AD260822B7CCA24000265A4 /* running-io-Info.plist */ = {isa = PBXFileReference; lastKnownFileType = text.plist; path = "running-io-Info.plist"; sourceTree = SOURCE_ROOT; };
		2AD260832B7CCD1A000265A4 /* LocationManager.swift */ = {isa = PBXFileReference; lastKnownFileType = sourcecode.swift; path = LocationManager.swift; sourceTree = "<group>"; };
		2AD260852B7DBF88000265A4 /* MapView.swift */ = {isa = PBXFileReference; lastKnownFileType = sourcecode.swift; path = MapView.swift; sourceTree = "<group>"; };
		F5BBD2162B84B34D00593866 /* GoogleService-Info.plist */ = {isa = PBXFileReference; fileEncoding = 4; lastKnownFileType = text.plist.xml; path = "GoogleService-Info.plist"; sourceTree = "<group>"; };
		F5BBD2222B85138200593866 /* UserSession.swift */ = {isa = PBXFileReference; lastKnownFileType = sourcecode.swift; path = UserSession.swift; sourceTree = "<group>"; };
		F5BBD2242B851F6400593866 /* TitleView.swift */ = {isa = PBXFileReference; lastKnownFileType = sourcecode.swift; path = TitleView.swift; sourceTree = "<group>"; };
		F5BBD2282B86D77600593866 /* DelaGothicOne-Regular.ttf */ = {isa = PBXFileReference; lastKnownFileType = file; path = "DelaGothicOne-Regular.ttf"; sourceTree = "<group>"; };
		F5BBD22A2B86E08900593866 /* OnBoardingView.swift */ = {isa = PBXFileReference; lastKnownFileType = sourcecode.swift; path = OnBoardingView.swift; sourceTree = "<group>"; };
		F5BBD22C2B86FE7500593866 /* ProfileView.swift */ = {isa = PBXFileReference; lastKnownFileType = sourcecode.swift; path = ProfileView.swift; sourceTree = "<group>"; };
/* End PBXFileReference section */

/* Begin PBXFrameworksBuildPhase section */
		2AD2606E2B7C433E000265A4 /* Frameworks */ = {
			isa = PBXFrameworksBuildPhase;
			buildActionMask = 2147483647;
			files = (
				F5BF30942B8467EA0057770A /* FirebaseDatabase in Frameworks */,
				F5BF30922B8467EA0057770A /* FirebaseAuth in Frameworks */,
				F5BBD2152B84B2D100593866 /* GoogleSignIn in Frameworks */,
			);
			runOnlyForDeploymentPostprocessing = 0;
		};
/* End PBXFrameworksBuildPhase section */

/* Begin PBXGroup section */
		2AD260682B7C433E000265A4 = {
			isa = PBXGroup;
			children = (
				2AD260732B7C433E000265A4 /* running.io */,
				2AD260722B7C433E000265A4 /* Products */,
			);
			sourceTree = "<group>";
		};
		2AD260722B7C433E000265A4 /* Products */ = {
			isa = PBXGroup;
			children = (
				2AD260712B7C433E000265A4 /* running.io.app */,
			);
			name = Products;
			sourceTree = "<group>";
		};
		2AD260732B7C433E000265A4 /* running.io */ = {
			isa = PBXGroup;
			children = (
				F5BBD2262B86CEAB00593866 /* fonts */,
				2AD260822B7CCA24000265A4 /* running-io-Info.plist */,
				2AD260742B7C433E000265A4 /* running_ioApp.swift */,
				2AD260832B7CCD1A000265A4 /* LocationManager.swift */,
				2AD260762B7C433E000265A4 /* ContentView.swift */,
				2AD260852B7DBF88000265A4 /* MapView.swift */,
				F5BBD2222B85138200593866 /* UserSession.swift */,
				F5BBD2242B851F6400593866 /* TitleView.swift */,
				F5BBD22C2B86FE7500593866 /* ProfileView.swift */,
				F5BBD22A2B86E08900593866 /* OnBoardingView.swift */,
				F5BBD2162B84B34D00593866 /* GoogleService-Info.plist */,
				2AD260782B7C433F000265A4 /* Assets.xcassets */,
				2AD2607A2B7C433F000265A4 /* Preview Content */,
			);
			path = running.io;
			sourceTree = "<group>";
		};
		2AD2607A2B7C433F000265A4 /* Preview Content */ = {
			isa = PBXGroup;
			children = (
				2AD2607B2B7C433F000265A4 /* Preview Assets.xcassets */,
			);
			path = "Preview Content";
			sourceTree = "<group>";
		};
		F5BBD2262B86CEAB00593866 /* fonts */ = {
			isa = PBXGroup;
			children = (
				F5BBD2282B86D77600593866 /* DelaGothicOne-Regular.ttf */,
			);
			path = fonts;
			sourceTree = "<group>";
		};
/* End PBXGroup section */

/* Begin PBXNativeTarget section */
		2AD260702B7C433E000265A4 /* running.io */ = {
			isa = PBXNativeTarget;
			buildConfigurationList = 2AD2607F2B7C433F000265A4 /* Build configuration list for PBXNativeTarget "running.io" */;
			buildPhases = (
				2AD2606D2B7C433E000265A4 /* Sources */,
				2AD2606E2B7C433E000265A4 /* Frameworks */,
				2AD2606F2B7C433E000265A4 /* Resources */,
			);
			buildRules = (
			);
			dependencies = (
			);
			name = running.io;
			packageProductDependencies = (
				F5BF30912B8467EA0057770A /* FirebaseAuth */,
				F5BF30932B8467EA0057770A /* FirebaseDatabase */,
				F5BBD2142B84B2D100593866 /* GoogleSignIn */,
			);
			productName = running.io;
			productReference = 2AD260712B7C433E000265A4 /* running.io.app */;
			productType = "com.apple.product-type.application";
		};
/* End PBXNativeTarget section */

/* Begin PBXProject section */
		2AD260692B7C433E000265A4 /* Project object */ = {
			isa = PBXProject;
			attributes = {
				BuildIndependentTargetsInParallel = 1;
				LastSwiftUpdateCheck = 1410;
				LastUpgradeCheck = 1410;
				TargetAttributes = {
					2AD260702B7C433E000265A4 = {
						CreatedOnToolsVersion = 14.1;
					};
				};
			};
			buildConfigurationList = 2AD2606C2B7C433E000265A4 /* Build configuration list for PBXProject "running.io" */;
			compatibilityVersion = "Xcode 14.0";
			developmentRegion = en;
			hasScannedForEncodings = 0;
			knownRegions = (
				en,
				Base,
			);
			mainGroup = 2AD260682B7C433E000265A4;
			packageReferences = (
				F5BF30902B8467EA0057770A /* XCRemoteSwiftPackageReference "firebase-ios-sdk" */,
				F5BBD2132B84B2D100593866 /* XCRemoteSwiftPackageReference "GoogleSignIn-iOS" */,
			);
			productRefGroup = 2AD260722B7C433E000265A4 /* Products */;
			projectDirPath = "";
			projectRoot = "";
			targets = (
				2AD260702B7C433E000265A4 /* running.io */,
			);
		};
/* End PBXProject section */

/* Begin PBXResourcesBuildPhase section */
		2AD2606F2B7C433E000265A4 /* Resources */ = {
			isa = PBXResourcesBuildPhase;
			buildActionMask = 2147483647;
			files = (
				2AD2607C2B7C433F000265A4 /* Preview Assets.xcassets in Resources */,
				2AD260792B7C433F000265A4 /* Assets.xcassets in Resources */,
				F5BBD2292B86D77600593866 /* DelaGothicOne-Regular.ttf in Resources */,
				F5BBD2172B84B34D00593866 /* GoogleService-Info.plist in Resources */,
			);
			runOnlyForDeploymentPostprocessing = 0;
		};
/* End PBXResourcesBuildPhase section */

/* Begin PBXSourcesBuildPhase section */
		2AD2606D2B7C433E000265A4 /* Sources */ = {
			isa = PBXSourcesBuildPhase;
			buildActionMask = 2147483647;
			files = (
				F5BBD22D2B86FE7500593866 /* ProfileView.swift in Sources */,
				2AD260772B7C433E000265A4 /* ContentView.swift in Sources */,
				F5BBD2232B85138200593866 /* UserSession.swift in Sources */,
				F5BBD22B2B86E08900593866 /* OnBoardingView.swift in Sources */,
				2AD260862B7DBF88000265A4 /* MapView.swift in Sources */,
				2AD260752B7C433E000265A4 /* running_ioApp.swift in Sources */,
				2AD260842B7CCD1A000265A4 /* LocationManager.swift in Sources */,
				F5BBD2252B851F6400593866 /* TitleView.swift in Sources */,
			);
			runOnlyForDeploymentPostprocessing = 0;
		};
/* End PBXSourcesBuildPhase section */

/* Begin XCBuildConfiguration section */
		2AD2607D2B7C433F000265A4 /* Debug */ = {
			isa = XCBuildConfiguration;
			buildSettings = {
				ALWAYS_SEARCH_USER_PATHS = NO;
				CLANG_ANALYZER_NONNULL = YES;
				CLANG_ANALYZER_NUMBER_OBJECT_CONVERSION = YES_AGGRESSIVE;
				CLANG_CXX_LANGUAGE_STANDARD = "gnu++20";
				CLANG_ENABLE_MODULES = YES;
				CLANG_ENABLE_OBJC_ARC = YES;
				CLANG_ENABLE_OBJC_WEAK = YES;
				CLANG_WARN_BLOCK_CAPTURE_AUTORELEASING = YES;
				CLANG_WARN_BOOL_CONVERSION = YES;
				CLANG_WARN_COMMA = YES;
				CLANG_WARN_CONSTANT_CONVERSION = YES;
				CLANG_WARN_DEPRECATED_OBJC_IMPLEMENTATIONS = YES;
				CLANG_WARN_DIRECT_OBJC_ISA_USAGE = YES_ERROR;
				CLANG_WARN_DOCUMENTATION_COMMENTS = YES;
				CLANG_WARN_EMPTY_BODY = YES;
				CLANG_WARN_ENUM_CONVERSION = YES;
				CLANG_WARN_INFINITE_RECURSION = YES;
				CLANG_WARN_INT_CONVERSION = YES;
				CLANG_WARN_NON_LITERAL_NULL_CONVERSION = YES;
				CLANG_WARN_OBJC_IMPLICIT_RETAIN_SELF = YES;
				CLANG_WARN_OBJC_LITERAL_CONVERSION = YES;
				CLANG_WARN_OBJC_ROOT_CLASS = YES_ERROR;
				CLANG_WARN_QUOTED_INCLUDE_IN_FRAMEWORK_HEADER = YES;
				CLANG_WARN_RANGE_LOOP_ANALYSIS = YES;
				CLANG_WARN_STRICT_PROTOTYPES = YES;
				CLANG_WARN_SUSPICIOUS_MOVE = YES;
				CLANG_WARN_UNGUARDED_AVAILABILITY = YES_AGGRESSIVE;
				CLANG_WARN_UNREACHABLE_CODE = YES;
				CLANG_WARN__DUPLICATE_METHOD_MATCH = YES;
				COPY_PHASE_STRIP = NO;
				DEBUG_INFORMATION_FORMAT = dwarf;
				ENABLE_STRICT_OBJC_MSGSEND = YES;
				ENABLE_TESTABILITY = YES;
				GCC_C_LANGUAGE_STANDARD = gnu11;
				GCC_DYNAMIC_NO_PIC = NO;
				GCC_NO_COMMON_BLOCKS = YES;
				GCC_OPTIMIZATION_LEVEL = 0;
				GCC_PREPROCESSOR_DEFINITIONS = (
					"DEBUG=1",
					"$(inherited)",
				);
				GCC_WARN_64_TO_32_BIT_CONVERSION = YES;
				GCC_WARN_ABOUT_RETURN_TYPE = YES_ERROR;
				GCC_WARN_UNDECLARED_SELECTOR = YES;
				GCC_WARN_UNINITIALIZED_AUTOS = YES_AGGRESSIVE;
				GCC_WARN_UNUSED_FUNCTION = YES;
				GCC_WARN_UNUSED_VARIABLE = YES;
				IPHONEOS_DEPLOYMENT_TARGET = 16.1;
				MTL_ENABLE_DEBUG_INFO = INCLUDE_SOURCE;
				MTL_FAST_MATH = YES;
				ONLY_ACTIVE_ARCH = YES;
				SDKROOT = iphoneos;
				SWIFT_ACTIVE_COMPILATION_CONDITIONS = DEBUG;
				SWIFT_OPTIMIZATION_LEVEL = "-Onone";
			};
			name = Debug;
		};
		2AD2607E2B7C433F000265A4 /* Release */ = {
			isa = XCBuildConfiguration;
			buildSettings = {
				ALWAYS_SEARCH_USER_PATHS = NO;
				CLANG_ANALYZER_NONNULL = YES;
				CLANG_ANALYZER_NUMBER_OBJECT_CONVERSION = YES_AGGRESSIVE;
				CLANG_CXX_LANGUAGE_STANDARD = "gnu++20";
				CLANG_ENABLE_MODULES = YES;
				CLANG_ENABLE_OBJC_ARC = YES;
				CLANG_ENABLE_OBJC_WEAK = YES;
				CLANG_WARN_BLOCK_CAPTURE_AUTORELEASING = YES;
				CLANG_WARN_BOOL_CONVERSION = YES;
				CLANG_WARN_COMMA = YES;
				CLANG_WARN_CONSTANT_CONVERSION = YES;
				CLANG_WARN_DEPRECATED_OBJC_IMPLEMENTATIONS = YES;
				CLANG_WARN_DIRECT_OBJC_ISA_USAGE = YES_ERROR;
				CLANG_WARN_DOCUMENTATION_COMMENTS = YES;
				CLANG_WARN_EMPTY_BODY = YES;
				CLANG_WARN_ENUM_CONVERSION = YES;
				CLANG_WARN_INFINITE_RECURSION = YES;
				CLANG_WARN_INT_CONVERSION = YES;
				CLANG_WARN_NON_LITERAL_NULL_CONVERSION = YES;
				CLANG_WARN_OBJC_IMPLICIT_RETAIN_SELF = YES;
				CLANG_WARN_OBJC_LITERAL_CONVERSION = YES;
				CLANG_WARN_OBJC_ROOT_CLASS = YES_ERROR;
				CLANG_WARN_QUOTED_INCLUDE_IN_FRAMEWORK_HEADER = YES;
				CLANG_WARN_RANGE_LOOP_ANALYSIS = YES;
				CLANG_WARN_STRICT_PROTOTYPES = YES;
				CLANG_WARN_SUSPICIOUS_MOVE = YES;
				CLANG_WARN_UNGUARDED_AVAILABILITY = YES_AGGRESSIVE;
				CLANG_WARN_UNREACHABLE_CODE = YES;
				CLANG_WARN__DUPLICATE_METHOD_MATCH = YES;
				COPY_PHASE_STRIP = NO;
				DEBUG_INFORMATION_FORMAT = "dwarf-with-dsym";
				ENABLE_NS_ASSERTIONS = NO;
				ENABLE_STRICT_OBJC_MSGSEND = YES;
				GCC_C_LANGUAGE_STANDARD = gnu11;
				GCC_NO_COMMON_BLOCKS = YES;
				GCC_WARN_64_TO_32_BIT_CONVERSION = YES;
				GCC_WARN_ABOUT_RETURN_TYPE = YES_ERROR;
				GCC_WARN_UNDECLARED_SELECTOR = YES;
				GCC_WARN_UNINITIALIZED_AUTOS = YES_AGGRESSIVE;
				GCC_WARN_UNUSED_FUNCTION = YES;
				GCC_WARN_UNUSED_VARIABLE = YES;
				IPHONEOS_DEPLOYMENT_TARGET = 16.1;
				MTL_ENABLE_DEBUG_INFO = NO;
				MTL_FAST_MATH = YES;
				SDKROOT = iphoneos;
				SWIFT_COMPILATION_MODE = wholemodule;
				SWIFT_OPTIMIZATION_LEVEL = "-O";
				VALIDATE_PRODUCT = YES;
			};
			name = Release;
		};
		2AD260802B7C433F000265A4 /* Debug */ = {
			isa = XCBuildConfiguration;
			buildSettings = {
				ASSETCATALOG_COMPILER_APPICON_NAME = AppIcon;
				ASSETCATALOG_COMPILER_GLOBAL_ACCENT_COLOR_NAME = AccentColor;
				CODE_SIGN_STYLE = Automatic;
				CURRENT_PROJECT_VERSION = 1;
				DEVELOPMENT_ASSET_PATHS = "\"running.io/Preview Content\"";
				DEVELOPMENT_TEAM = YVXUM882PV;
				ENABLE_PREVIEWS = YES;
				GENERATE_INFOPLIST_FILE = YES;
				INFOPLIST_FILE = "running-io-Info.plist";
				INFOPLIST_KEY_CFBundleDisplayName = Daadle;
				INFOPLIST_KEY_LSApplicationCategoryType = "public.app-category.healthcare-fitness";
				INFOPLIST_KEY_NSLocationAlwaysAndWhenInUseUsageDescription = "ルートの取得のために使用します";
				INFOPLIST_KEY_NSLocationWhenInUseUsageDescription = "ルートの取得のために使用します";
				INFOPLIST_KEY_UIApplicationSceneManifest_Generation = YES;
				INFOPLIST_KEY_UIApplicationSupportsIndirectInputEvents = YES;
				INFOPLIST_KEY_UILaunchScreen_Generation = YES;
				INFOPLIST_KEY_UIRequiredDeviceCapabilities = "location-services gps";
				INFOPLIST_KEY_UISupportedInterfaceOrientations = UIInterfaceOrientationPortrait;
				LD_RUNPATH_SEARCH_PATHS = (
					"$(inherited)",
					"@executable_path/Frameworks",
				);
				MARKETING_VERSION = 1.0;
				PRODUCT_BUNDLE_IDENTIFIER = "app.Nakamura.aoichi.running-io-1";
				PRODUCT_NAME = "$(TARGET_NAME)";
				SWIFT_EMIT_LOC_STRINGS = YES;
				SWIFT_VERSION = 5.0;
				TARGETED_DEVICE_FAMILY = "1,2";
			};
			name = Debug;
		};
		2AD260812B7C433F000265A4 /* Release */ = {
			isa = XCBuildConfiguration;
			buildSettings = {
				ASSETCATALOG_COMPILER_APPICON_NAME = AppIcon;
				ASSETCATALOG_COMPILER_GLOBAL_ACCENT_COLOR_NAME = AccentColor;
				CODE_SIGN_STYLE = Automatic;
				CURRENT_PROJECT_VERSION = 1;
				DEVELOPMENT_ASSET_PATHS = "\"running.io/Preview Content\"";
				DEVELOPMENT_TEAM = YVXUM882PV;
				ENABLE_PREVIEWS = YES;
				GENERATE_INFOPLIST_FILE = YES;
				INFOPLIST_FILE = "running-io-Info.plist";
				INFOPLIST_KEY_CFBundleDisplayName = Daadle;
				INFOPLIST_KEY_LSApplicationCategoryType = "public.app-category.healthcare-fitness";
				INFOPLIST_KEY_NSLocationAlwaysAndWhenInUseUsageDescription = "ルートの取得のために使用します";
				INFOPLIST_KEY_NSLocationWhenInUseUsageDescription = "ルートの取得のために使用します";
				INFOPLIST_KEY_UIApplicationSceneManifest_Generation = YES;
				INFOPLIST_KEY_UIApplicationSupportsIndirectInputEvents = YES;
				INFOPLIST_KEY_UILaunchScreen_Generation = YES;
				INFOPLIST_KEY_UIRequiredDeviceCapabilities = "location-services gps";
				INFOPLIST_KEY_UISupportedInterfaceOrientations = UIInterfaceOrientationPortrait;
				LD_RUNPATH_SEARCH_PATHS = (
					"$(inherited)",
					"@executable_path/Frameworks",
				);
				MARKETING_VERSION = 1.0;
				PRODUCT_BUNDLE_IDENTIFIER = "app.Nakamura.aoichi.running-io-1";
				PRODUCT_NAME = "$(TARGET_NAME)";
				SWIFT_EMIT_LOC_STRINGS = YES;
				SWIFT_VERSION = 5.0;
				TARGETED_DEVICE_FAMILY = "1,2";
			};
			name = Release;
		};
/* End XCBuildConfiguration section */

/* Begin XCConfigurationList section */
		2AD2606C2B7C433E000265A4 /* Build configuration list for PBXProject "running.io" */ = {
			isa = XCConfigurationList;
			buildConfigurations = (
				2AD2607D2B7C433F000265A4 /* Debug */,
				2AD2607E2B7C433F000265A4 /* Release */,
			);
			defaultConfigurationIsVisible = 0;
			defaultConfigurationName = Release;
		};
		2AD2607F2B7C433F000265A4 /* Build configuration list for PBXNativeTarget "running.io" */ = {
			isa = XCConfigurationList;
			buildConfigurations = (
				2AD260802B7C433F000265A4 /* Debug */,
				2AD260812B7C433F000265A4 /* Release */,
			);
			defaultConfigurationIsVisible = 0;
			defaultConfigurationName = Release;
		};
/* End XCConfigurationList section */

/* Begin XCRemoteSwiftPackageReference section */
		F5BBD2132B84B2D100593866 /* XCRemoteSwiftPackageReference "GoogleSignIn-iOS" */ = {
			isa = XCRemoteSwiftPackageReference;
			repositoryURL = "https://github.com/google/GoogleSignIn-iOS";
			requirement = {
				kind = upToNextMajorVersion;
				minimumVersion = 7.0.0;
			};
		};
		F5BF30902B8467EA0057770A /* XCRemoteSwiftPackageReference "firebase-ios-sdk" */ = {
			isa = XCRemoteSwiftPackageReference;
			repositoryURL = "https://github.com/firebase/firebase-ios-sdk";
			requirement = {
				kind = upToNextMajorVersion;
				minimumVersion = 10.0.0;
			};
		};
/* End XCRemoteSwiftPackageReference section */

/* Begin XCSwiftPackageProductDependency section */
		F5BBD2142B84B2D100593866 /* GoogleSignIn */ = {
			isa = XCSwiftPackageProductDependency;
			package = F5BBD2132B84B2D100593866 /* XCRemoteSwiftPackageReference "GoogleSignIn-iOS" */;
			productName = GoogleSignIn;
		};
		F5BF30912B8467EA0057770A /* FirebaseAuth */ = {
			isa = XCSwiftPackageProductDependency;
			package = F5BF30902B8467EA0057770A /* XCRemoteSwiftPackageReference "firebase-ios-sdk" */;
			productName = FirebaseAuth;
		};
		F5BF30932B8467EA0057770A /* FirebaseDatabase */ = {
			isa = XCSwiftPackageProductDependency;
			package = F5BF30902B8467EA0057770A /* XCRemoteSwiftPackageReference "firebase-ios-sdk" */;
			productName = FirebaseDatabase;
		};
/* End XCSwiftPackageProductDependency section */
	};
	rootObject = 2AD260692B7C433E000265A4 /* Project object */;
}
